// !$*UTF8*$!
{
	archiveVersion = 1;
	classes = {
	};
	objectVersion = 52;
	objects = {

/* Begin PBXBuildFile section */
		0460FD6581EFBA6D4BB119C1 /* Pods_Weather.framework in Frameworks */ = {isa = PBXBuildFile; fileRef = 629E07B2AADEA796085F8B02 /* Pods_Weather.framework */; };
		0CE678056E92158B0B1ECC4D /* libPods-WeatherUITests.a in Frameworks */ = {isa = PBXBuildFile; fileRef = D492596671D484CD03E05EDB /* libPods-WeatherUITests.a */; };
		5207086C248C2A49008C9150 /* Storyboarded.swift in Sources */ = {isa = PBXBuildFile; fileRef = 5207086B248C2A49008C9150 /* Storyboarded.swift */; };
		5207086F248C2BE4008C9150 /* CurrentWeatherViewController.swift in Sources */ = {isa = PBXBuildFile; fileRef = 5207086E248C2BE4008C9150 /* CurrentWeatherViewController.swift */; };
		52070872248C3A09008C9150 /* BaseViewController.swift in Sources */ = {isa = PBXBuildFile; fileRef = 52070871248C3A09008C9150 /* BaseViewController.swift */; };
		52070876248C3C37008C9150 /* CurrentWeather.storyboard in Resources */ = {isa = PBXBuildFile; fileRef = 52070875248C3C37008C9150 /* CurrentWeather.storyboard */; };
		5207087C248C3E7C008C9150 /* CurrentWeatherViewModel.swift in Sources */ = {isa = PBXBuildFile; fileRef = 5207087B248C3E7C008C9150 /* CurrentWeatherViewModel.swift */; };
		5207087E248C3E8F008C9150 /* HomeViewModel.swift in Sources */ = {isa = PBXBuildFile; fileRef = 5207087D248C3E8F008C9150 /* HomeViewModel.swift */; };
		521C08F724917AD200B02138 /* Aquino.framework in Frameworks */ = {isa = PBXBuildFile; fileRef = 521C08F524917AD200B02138 /* Aquino.framework */; platformFilter = ios; };
		521C08F824917B5100B02138 /* Aquino.framework in Frameworks */ = {isa = PBXBuildFile; fileRef = 521C08F524917AD200B02138 /* Aquino.framework */; };
		521C08F924917B5100B02138 /* Aquino.framework in Embed Frameworks */ = {isa = PBXBuildFile; fileRef = 521C08F524917AD200B02138 /* Aquino.framework */; settings = {ATTRIBUTES = (CodeSignOnCopy, RemoveHeadersOnCopy, ); }; };
		52774884248C027600115B85 /* AppDelegate.swift in Sources */ = {isa = PBXBuildFile; fileRef = 52774883248C027600115B85 /* AppDelegate.swift */; };
		5277488B248C027600115B85 /* Home.storyboard in Resources */ = {isa = PBXBuildFile; fileRef = 52774889248C027600115B85 /* Home.storyboard */; };
		5277488D248C027700115B85 /* Assets.xcassets in Resources */ = {isa = PBXBuildFile; fileRef = 5277488C248C027700115B85 /* Assets.xcassets */; };
		52774890248C027700115B85 /* LaunchScreen.storyboard in Resources */ = {isa = PBXBuildFile; fileRef = 5277488E248C027700115B85 /* LaunchScreen.storyboard */; };
		52774899248C12C200115B85 /* AppCoordinator.swift in Sources */ = {isa = PBXBuildFile; fileRef = 52774898248C12C200115B85 /* AppCoordinator.swift */; };
		5277489B248C12E500115B85 /* Coordinator.swift in Sources */ = {isa = PBXBuildFile; fileRef = 5277489A248C12E500115B85 /* Coordinator.swift */; };
		5277489D248C12FA00115B85 /* BaseCoordinator.swift in Sources */ = {isa = PBXBuildFile; fileRef = 5277489C248C12FA00115B85 /* BaseCoordinator.swift */; };
		527748A1248C1FF100115B85 /* HomeViewController.swift in Sources */ = {isa = PBXBuildFile; fileRef = 527748A0248C1FF100115B85 /* HomeViewController.swift */; };
		52920A70248D499600F3A297 /* API.swift in Sources */ = {isa = PBXBuildFile; fileRef = 52920A6F248D499600F3A297 /* API.swift */; };
		52920A72248D49BA00F3A297 /* Service.swift in Sources */ = {isa = PBXBuildFile; fileRef = 52920A71248D49BA00F3A297 /* Service.swift */; };
		52920A75248D49F500F3A297 /* Model.swift in Sources */ = {isa = PBXBuildFile; fileRef = 52920A74248D49F500F3A297 /* Model.swift */; };
		52920A85248D79DC00F3A297 /* WeatherUITests.swift in Sources */ = {isa = PBXBuildFile; fileRef = 52920A84248D79DC00F3A297 /* WeatherUITests.swift */; };
		52920A8E248DCE3800F3A297 /* SecurityScreen.storyboard in Resources */ = {isa = PBXBuildFile; fileRef = 52920A8D248DCE3800F3A297 /* SecurityScreen.storyboard */; };
		52920A91248DCE5100F3A297 /* SecurityViewController.swift in Sources */ = {isa = PBXBuildFile; fileRef = 52920A90248DCE5100F3A297 /* SecurityViewController.swift */; };
/* End PBXBuildFile section */

/* Begin PBXContainerItemProxy section */
		52920A87248D79DD00F3A297 /* PBXContainerItemProxy */ = {
			isa = PBXContainerItemProxy;
			containerPortal = 52774878248C027500115B85 /* Project object */;
			proxyType = 1;
			remoteGlobalIDString = 5277487F248C027500115B85;
			remoteInfo = Weather;
		};
/* End PBXContainerItemProxy section */

/* Begin PBXCopyFilesBuildPhase section */
		52920A94248DD80C00F3A297 /* Embed Frameworks */ = {
			isa = PBXCopyFilesBuildPhase;
			buildActionMask = 2147483647;
			dstPath = "";
			dstSubfolderSpec = 10;
			files = (
				521C08F924917B5100B02138 /* Aquino.framework in Embed Frameworks */,
			);
			name = "Embed Frameworks";
			runOnlyForDeploymentPostprocessing = 0;
		};
/* End PBXCopyFilesBuildPhase section */

/* Begin PBXFileReference section */
		2A46A4CB0EA2327861475359 /* Pods-WeatherUITests.debug.xcconfig */ = {isa = PBXFileReference; includeInIndex = 1; lastKnownFileType = text.xcconfig; name = "Pods-WeatherUITests.debug.xcconfig"; path = "Target Support Files/Pods-WeatherUITests/Pods-WeatherUITests.debug.xcconfig"; sourceTree = "<group>"; };
		5207086B248C2A49008C9150 /* Storyboarded.swift */ = {isa = PBXFileReference; lastKnownFileType = sourcecode.swift; path = Storyboarded.swift; sourceTree = "<group>"; };
		5207086E248C2BE4008C9150 /* CurrentWeatherViewController.swift */ = {isa = PBXFileReference; lastKnownFileType = sourcecode.swift; path = CurrentWeatherViewController.swift; sourceTree = "<group>"; };
		52070871248C3A09008C9150 /* BaseViewController.swift */ = {isa = PBXFileReference; lastKnownFileType = sourcecode.swift; path = BaseViewController.swift; sourceTree = "<group>"; };
		52070875248C3C37008C9150 /* CurrentWeather.storyboard */ = {isa = PBXFileReference; lastKnownFileType = file.storyboard; path = CurrentWeather.storyboard; sourceTree = "<group>"; };
		5207087B248C3E7C008C9150 /* CurrentWeatherViewModel.swift */ = {isa = PBXFileReference; lastKnownFileType = sourcecode.swift; path = CurrentWeatherViewModel.swift; sourceTree = "<group>"; };
		5207087D248C3E8F008C9150 /* HomeViewModel.swift */ = {isa = PBXFileReference; lastKnownFileType = sourcecode.swift; path = HomeViewModel.swift; sourceTree = "<group>"; };
		521C08F524917AD200B02138 /* Aquino.framework */ = {isa = PBXFileReference; lastKnownFileType = wrapper.framework; path = Aquino.framework; sourceTree = "<group>"; };
		52774880248C027500115B85 /* Weather.app */ = {isa = PBXFileReference; explicitFileType = wrapper.application; includeInIndex = 0; path = Weather.app; sourceTree = BUILT_PRODUCTS_DIR; };
		52774883248C027600115B85 /* AppDelegate.swift */ = {isa = PBXFileReference; lastKnownFileType = sourcecode.swift; path = AppDelegate.swift; sourceTree = "<group>"; };
		5277488A248C027600115B85 /* Base */ = {isa = PBXFileReference; lastKnownFileType = file.storyboard; name = Base; path = Base.lproj/Home.storyboard; sourceTree = "<group>"; };
		5277488C248C027700115B85 /* Assets.xcassets */ = {isa = PBXFileReference; lastKnownFileType = folder.assetcatalog; path = Assets.xcassets; sourceTree = "<group>"; };
		5277488F248C027700115B85 /* Base */ = {isa = PBXFileReference; lastKnownFileType = file.storyboard; name = Base; path = Base.lproj/LaunchScreen.storyboard; sourceTree = "<group>"; };
		52774891248C027700115B85 /* Info.plist */ = {isa = PBXFileReference; lastKnownFileType = text.plist.xml; path = Info.plist; sourceTree = "<group>"; };
		52774898248C12C200115B85 /* AppCoordinator.swift */ = {isa = PBXFileReference; lastKnownFileType = sourcecode.swift; path = AppCoordinator.swift; sourceTree = "<group>"; };
		5277489A248C12E500115B85 /* Coordinator.swift */ = {isa = PBXFileReference; lastKnownFileType = sourcecode.swift; path = Coordinator.swift; sourceTree = "<group>"; };
		5277489C248C12FA00115B85 /* BaseCoordinator.swift */ = {isa = PBXFileReference; lastKnownFileType = sourcecode.swift; path = BaseCoordinator.swift; sourceTree = "<group>"; };
		527748A0248C1FF100115B85 /* HomeViewController.swift */ = {isa = PBXFileReference; lastKnownFileType = sourcecode.swift; path = HomeViewController.swift; sourceTree = "<group>"; };
		52920A6F248D499600F3A297 /* API.swift */ = {isa = PBXFileReference; lastKnownFileType = sourcecode.swift; path = API.swift; sourceTree = "<group>"; };
		52920A71248D49BA00F3A297 /* Service.swift */ = {isa = PBXFileReference; lastKnownFileType = sourcecode.swift; path = Service.swift; sourceTree = "<group>"; };
		52920A74248D49F500F3A297 /* Model.swift */ = {isa = PBXFileReference; lastKnownFileType = sourcecode.swift; path = Model.swift; sourceTree = "<group>"; };
		52920A82248D79DC00F3A297 /* WeatherUITests.xctest */ = {isa = PBXFileReference; explicitFileType = wrapper.cfbundle; includeInIndex = 0; path = WeatherUITests.xctest; sourceTree = BUILT_PRODUCTS_DIR; };
		52920A84248D79DC00F3A297 /* WeatherUITests.swift */ = {isa = PBXFileReference; lastKnownFileType = sourcecode.swift; path = WeatherUITests.swift; sourceTree = "<group>"; };
		52920A86248D79DC00F3A297 /* Info.plist */ = {isa = PBXFileReference; lastKnownFileType = text.plist.xml; path = Info.plist; sourceTree = "<group>"; };
		52920A8D248DCE3800F3A297 /* SecurityScreen.storyboard */ = {isa = PBXFileReference; lastKnownFileType = file.storyboard; path = SecurityScreen.storyboard; sourceTree = "<group>"; };
		52920A90248DCE5100F3A297 /* SecurityViewController.swift */ = {isa = PBXFileReference; lastKnownFileType = sourcecode.swift; path = SecurityViewController.swift; sourceTree = "<group>"; };
		629E07B2AADEA796085F8B02 /* Pods_Weather.framework */ = {isa = PBXFileReference; explicitFileType = wrapper.framework; includeInIndex = 0; path = Pods_Weather.framework; sourceTree = BUILT_PRODUCTS_DIR; };
		D492596671D484CD03E05EDB /* libPods-WeatherUITests.a */ = {isa = PBXFileReference; explicitFileType = archive.ar; includeInIndex = 0; path = "libPods-WeatherUITests.a"; sourceTree = BUILT_PRODUCTS_DIR; };
		E050B3F7207F493E75EBA62A /* Pods-WeatherUITests.release.xcconfig */ = {isa = PBXFileReference; includeInIndex = 1; lastKnownFileType = text.xcconfig; name = "Pods-WeatherUITests.release.xcconfig"; path = "Target Support Files/Pods-WeatherUITests/Pods-WeatherUITests.release.xcconfig"; sourceTree = "<group>"; };
		E13A028D5B533A1734706F0F /* Pods-Weather.release.xcconfig */ = {isa = PBXFileReference; includeInIndex = 1; lastKnownFileType = text.xcconfig; name = "Pods-Weather.release.xcconfig"; path = "Target Support Files/Pods-Weather/Pods-Weather.release.xcconfig"; sourceTree = "<group>"; };
		EC5465E60826FB3F08C4DEFD /* Pods-Weather.debug.xcconfig */ = {isa = PBXFileReference; includeInIndex = 1; lastKnownFileType = text.xcconfig; name = "Pods-Weather.debug.xcconfig"; path = "Target Support Files/Pods-Weather/Pods-Weather.debug.xcconfig"; sourceTree = "<group>"; };
/* End PBXFileReference section */

/* Begin PBXFrameworksBuildPhase section */
		5277487D248C027500115B85 /* Frameworks */ = {
			isa = PBXFrameworksBuildPhase;
			buildActionMask = 2147483647;
			files = (
				0460FD6581EFBA6D4BB119C1 /* Pods_Weather.framework in Frameworks */,
				521C08F824917B5100B02138 /* Aquino.framework in Frameworks */,
			);
			runOnlyForDeploymentPostprocessing = 0;
		};
		52920A7F248D79DC00F3A297 /* Frameworks */ = {
			isa = PBXFrameworksBuildPhase;
			buildActionMask = 2147483647;
			files = (
				0CE678056E92158B0B1ECC4D /* libPods-WeatherUITests.a in Frameworks */,
				521C08F724917AD200B02138 /* Aquino.framework in Frameworks */,
			);
			runOnlyForDeploymentPostprocessing = 0;
		};
/* End PBXFrameworksBuildPhase section */

/* Begin PBXGroup section */
		5207086D248C2BCE008C9150 /* CurrentWeather */ = {
			isa = PBXGroup;
			children = (
				52070879248C3E5E008C9150 /* View */,
				5207087A248C3E62008C9150 /* ViewModel */,
			);
			path = CurrentWeather;
			sourceTree = "<group>";
		};
		52070870248C39F5008C9150 /* Base */ = {
			isa = PBXGroup;
			children = (
				52070871248C3A09008C9150 /* BaseViewController.swift */,
			);
			path = Base;
			sourceTree = "<group>";
		};
		52070877248C3E4C008C9150 /* View */ = {
			isa = PBXGroup;
			children = (
				527748A0248C1FF100115B85 /* HomeViewController.swift */,
				52774889248C027600115B85 /* Home.storyboard */,
			);
			path = View;
			sourceTree = "<group>";
		};
		52070878248C3E51008C9150 /* ViewModel */ = {
			isa = PBXGroup;
			children = (
				5207087D248C3E8F008C9150 /* HomeViewModel.swift */,
			);
			path = ViewModel;
			sourceTree = "<group>";
		};
		52070879248C3E5E008C9150 /* View */ = {
			isa = PBXGroup;
			children = (
				5207086E248C2BE4008C9150 /* CurrentWeatherViewController.swift */,
				52070875248C3C37008C9150 /* CurrentWeather.storyboard */,
			);
			path = View;
			sourceTree = "<group>";
		};
		5207087A248C3E62008C9150 /* ViewModel */ = {
			isa = PBXGroup;
			children = (
				5207087B248C3E7C008C9150 /* CurrentWeatherViewModel.swift */,
			);
			path = ViewModel;
			sourceTree = "<group>";
		};
		52774877248C027500115B85 = {
			isa = PBXGroup;
			children = (
				521C08F524917AD200B02138 /* Aquino.framework */,
				52774882248C027500115B85 /* Weather */,
				52920A83248D79DC00F3A297 /* WeatherUITests */,
				52774881248C027500115B85 /* Products */,
				FE7BE5DF5B6D0511D56B3392 /* Pods */,
				A32FC5F682E2EA2D7A2ACB3B /* Frameworks */,
			);
			sourceTree = "<group>";
		};
		52774881248C027500115B85 /* Products */ = {
			isa = PBXGroup;
			children = (
				52774880248C027500115B85 /* Weather.app */,
				52920A82248D79DC00F3A297 /* WeatherUITests.xctest */,
			);
			name = Products;
			sourceTree = "<group>";
		};
		52774882248C027500115B85 /* Weather */ = {
			isa = PBXGroup;
			children = (
				52070870248C39F5008C9150 /* Base */,
				5277489E248C1DB100115B85 /* Section */,
				52774897248C12B500115B85 /* Coordinator */,
				52774883248C027600115B85 /* AppDelegate.swift */,
				5277488C248C027700115B85 /* Assets.xcassets */,
				5277488E248C027700115B85 /* LaunchScreen.storyboard */,
				52774891248C027700115B85 /* Info.plist */,
			);
			path = Weather;
			sourceTree = "<group>";
		};
		52774897248C12B500115B85 /* Coordinator */ = {
			isa = PBXGroup;
			children = (
				52774898248C12C200115B85 /* AppCoordinator.swift */,
				5277489A248C12E500115B85 /* Coordinator.swift */,
				5277489C248C12FA00115B85 /* BaseCoordinator.swift */,
				5207086B248C2A49008C9150 /* Storyboarded.swift */,
			);
			path = Coordinator;
			sourceTree = "<group>";
		};
		5277489E248C1DB100115B85 /* Section */ = {
			isa = PBXGroup;
			children = (
				52920A8C248DCE1C00F3A297 /* SecurityScreen */,
				5277489F248C1EDC00115B85 /* Home */,
				5207086D248C2BCE008C9150 /* CurrentWeather */,
			);
			path = Section;
			sourceTree = "<group>";
		};
		5277489F248C1EDC00115B85 /* Home */ = {
			isa = PBXGroup;
			children = (
				52920A6E248D496800F3A297 /* Test */,
				52070877248C3E4C008C9150 /* View */,
				52070878248C3E51008C9150 /* ViewModel */,
			);
			path = Home;
			sourceTree = "<group>";
		};
		52920A6E248D496800F3A297 /* Test */ = {
			isa = PBXGroup;
			children = (
				52920A6F248D499600F3A297 /* API.swift */,
				52920A71248D49BA00F3A297 /* Service.swift */,
				52920A74248D49F500F3A297 /* Model.swift */,
			);
			path = Test;
			sourceTree = "<group>";
		};
		52920A83248D79DC00F3A297 /* WeatherUITests */ = {
			isa = PBXGroup;
			children = (
				52920A84248D79DC00F3A297 /* WeatherUITests.swift */,
				52920A86248D79DC00F3A297 /* Info.plist */,
			);
			path = WeatherUITests;
			sourceTree = "<group>";
		};
		52920A8C248DCE1C00F3A297 /* SecurityScreen */ = {
			isa = PBXGroup;
			children = (
				52920A8F248DCE4100F3A297 /* View */,
			);
			path = SecurityScreen;
			sourceTree = "<group>";
		};
		52920A8F248DCE4100F3A297 /* View */ = {
			isa = PBXGroup;
			children = (
				52920A90248DCE5100F3A297 /* SecurityViewController.swift */,
				52920A8D248DCE3800F3A297 /* SecurityScreen.storyboard */,
			);
			path = View;
			sourceTree = "<group>";
		};
		A32FC5F682E2EA2D7A2ACB3B /* Frameworks */ = {
			isa = PBXGroup;
			children = (
				629E07B2AADEA796085F8B02 /* Pods_Weather.framework */,
				D492596671D484CD03E05EDB /* libPods-WeatherUITests.a */,
			);
			name = Frameworks;
			sourceTree = "<group>";
		};
		FE7BE5DF5B6D0511D56B3392 /* Pods */ = {
			isa = PBXGroup;
			children = (
				EC5465E60826FB3F08C4DEFD /* Pods-Weather.debug.xcconfig */,
				E13A028D5B533A1734706F0F /* Pods-Weather.release.xcconfig */,
				2A46A4CB0EA2327861475359 /* Pods-WeatherUITests.debug.xcconfig */,
				E050B3F7207F493E75EBA62A /* Pods-WeatherUITests.release.xcconfig */,
			);
			path = Pods;
			sourceTree = "<group>";
		};
/* End PBXGroup section */

/* Begin PBXNativeTarget section */
		5277487F248C027500115B85 /* Weather */ = {
			isa = PBXNativeTarget;
			buildConfigurationList = 52774894248C027700115B85 /* Build configuration list for PBXNativeTarget "Weather" */;
			buildPhases = (
				7FCACD14D7C833A90C9D71EA /* [CP] Check Pods Manifest.lock */,
				5277487C248C027500115B85 /* Sources */,
				5277487D248C027500115B85 /* Frameworks */,
				5277487E248C027500115B85 /* Resources */,
				52920A94248DD80C00F3A297 /* Embed Frameworks */,
				6F83C895CDCEBAC635AF43E0 /* [CP] Embed Pods Frameworks */,
			);
			buildRules = (
			);
			dependencies = (
			);
			name = Weather;
			productName = Weather;
			productReference = 52774880248C027500115B85 /* Weather.app */;
			productType = "com.apple.product-type.application";
		};
		52920A81248D79DC00F3A297 /* WeatherUITests */ = {
			isa = PBXNativeTarget;
			buildConfigurationList = 52920A89248D79DD00F3A297 /* Build configuration list for PBXNativeTarget "WeatherUITests" */;
			buildPhases = (
				D3DBAC1584060A4456EE449B /* [CP] Check Pods Manifest.lock */,
				52920A7E248D79DC00F3A297 /* Sources */,
				52920A7F248D79DC00F3A297 /* Frameworks */,
				52920A80248D79DC00F3A297 /* Resources */,
			);
			buildRules = (
			);
			dependencies = (
				52920A88248D79DD00F3A297 /* PBXTargetDependency */,
			);
			name = WeatherUITests;
			productName = WeatherUITests;
			productReference = 52920A82248D79DC00F3A297 /* WeatherUITests.xctest */;
			productType = "com.apple.product-type.bundle.ui-testing";
		};
/* End PBXNativeTarget section */

/* Begin PBXProject section */
		52774878248C027500115B85 /* Project object */ = {
			isa = PBXProject;
			attributes = {
				LastSwiftUpdateCheck = 1150;
				LastUpgradeCheck = 1150;
				ORGANIZATIONNAME = "Tiago Oliveira";
				TargetAttributes = {
					5277487F248C027500115B85 = {
						CreatedOnToolsVersion = 11.5;
					};
					52920A81248D79DC00F3A297 = {
						CreatedOnToolsVersion = 11.5;
						TestTargetID = 5277487F248C027500115B85;
					};
				};
			};
			buildConfigurationList = 5277487B248C027500115B85 /* Build configuration list for PBXProject "Weather" */;
			compatibilityVersion = "Xcode 9.3";
			developmentRegion = en;
			hasScannedForEncodings = 0;
			knownRegions = (
				en,
				Base,
			);
			mainGroup = 52774877248C027500115B85;
			productRefGroup = 52774881248C027500115B85 /* Products */;
			projectDirPath = "";
			projectRoot = "";
			targets = (
				5277487F248C027500115B85 /* Weather */,
				52920A81248D79DC00F3A297 /* WeatherUITests */,
			);
		};
/* End PBXProject section */

/* Begin PBXResourcesBuildPhase section */
		5277487E248C027500115B85 /* Resources */ = {
			isa = PBXResourcesBuildPhase;
			buildActionMask = 2147483647;
			files = (
				52920A8E248DCE3800F3A297 /* SecurityScreen.storyboard in Resources */,
				52774890248C027700115B85 /* LaunchScreen.storyboard in Resources */,
				5277488D248C027700115B85 /* Assets.xcassets in Resources */,
				5277488B248C027600115B85 /* Home.storyboard in Resources */,
				52070876248C3C37008C9150 /* CurrentWeather.storyboard in Resources */,
			);
			runOnlyForDeploymentPostprocessing = 0;
		};
		52920A80248D79DC00F3A297 /* Resources */ = {
			isa = PBXResourcesBuildPhase;
			buildActionMask = 2147483647;
			files = (
			);
			runOnlyForDeploymentPostprocessing = 0;
		};
/* End PBXResourcesBuildPhase section */

/* Begin PBXShellScriptBuildPhase section */
		6F83C895CDCEBAC635AF43E0 /* [CP] Embed Pods Frameworks */ = {
			isa = PBXShellScriptBuildPhase;
			buildActionMask = 2147483647;
			files = (
			);
			inputFileListPaths = (
				"${PODS_ROOT}/Target Support Files/Pods-Weather/Pods-Weather-frameworks-${CONFIGURATION}-input-files.xcfilelist",
			);
			name = "[CP] Embed Pods Frameworks";
			outputFileListPaths = (
				"${PODS_ROOT}/Target Support Files/Pods-Weather/Pods-Weather-frameworks-${CONFIGURATION}-output-files.xcfilelist",
			);
			runOnlyForDeploymentPostprocessing = 0;
			shellPath = /bin/sh;
			shellScript = "\"${PODS_ROOT}/Target Support Files/Pods-Weather/Pods-Weather-frameworks.sh\"\n";
			showEnvVarsInLog = 0;
		};
		7FCACD14D7C833A90C9D71EA /* [CP] Check Pods Manifest.lock */ = {
			isa = PBXShellScriptBuildPhase;
			buildActionMask = 2147483647;
			files = (
			);
			inputFileListPaths = (
			);
			inputPaths = (
				"${PODS_PODFILE_DIR_PATH}/Podfile.lock",
				"${PODS_ROOT}/Manifest.lock",
			);
			name = "[CP] Check Pods Manifest.lock";
			outputFileListPaths = (
			);
			outputPaths = (
				"$(DERIVED_FILE_DIR)/Pods-Weather-checkManifestLockResult.txt",
			);
			runOnlyForDeploymentPostprocessing = 0;
			shellPath = /bin/sh;
			shellScript = "diff \"${PODS_PODFILE_DIR_PATH}/Podfile.lock\" \"${PODS_ROOT}/Manifest.lock\" > /dev/null\nif [ $? != 0 ] ; then\n    # print error to STDERR\n    echo \"error: The sandbox is not in sync with the Podfile.lock. Run 'pod install' or update your CocoaPods installation.\" >&2\n    exit 1\nfi\n# This output is used by Xcode 'outputs' to avoid re-running this script phase.\necho \"SUCCESS\" > \"${SCRIPT_OUTPUT_FILE_0}\"\n";
			showEnvVarsInLog = 0;
		};
		D3DBAC1584060A4456EE449B /* [CP] Check Pods Manifest.lock */ = {
			isa = PBXShellScriptBuildPhase;
			buildActionMask = 2147483647;
			files = (
			);
			inputFileListPaths = (
			);
			inputPaths = (
				"${PODS_PODFILE_DIR_PATH}/Podfile.lock",
				"${PODS_ROOT}/Manifest.lock",
			);
			name = "[CP] Check Pods Manifest.lock";
			outputFileListPaths = (
			);
			outputPaths = (
				"$(DERIVED_FILE_DIR)/Pods-WeatherUITests-checkManifestLockResult.txt",
			);
			runOnlyForDeploymentPostprocessing = 0;
			shellPath = /bin/sh;
			shellScript = "diff \"${PODS_PODFILE_DIR_PATH}/Podfile.lock\" \"${PODS_ROOT}/Manifest.lock\" > /dev/null\nif [ $? != 0 ] ; then\n    # print error to STDERR\n    echo \"error: The sandbox is not in sync with the Podfile.lock. Run 'pod install' or update your CocoaPods installation.\" >&2\n    exit 1\nfi\n# This output is used by Xcode 'outputs' to avoid re-running this script phase.\necho \"SUCCESS\" > \"${SCRIPT_OUTPUT_FILE_0}\"\n";
			showEnvVarsInLog = 0;
		};
/* End PBXShellScriptBuildPhase section */

/* Begin PBXSourcesBuildPhase section */
		5277487C248C027500115B85 /* Sources */ = {
			isa = PBXSourcesBuildPhase;
			buildActionMask = 2147483647;
			files = (
				52920A70248D499600F3A297 /* API.swift in Sources */,
				527748A1248C1FF100115B85 /* HomeViewController.swift in Sources */,
				5277489D248C12FA00115B85 /* BaseCoordinator.swift in Sources */,
				5207087C248C3E7C008C9150 /* CurrentWeatherViewModel.swift in Sources */,
				5207087E248C3E8F008C9150 /* HomeViewModel.swift in Sources */,
				52920A72248D49BA00F3A297 /* Service.swift in Sources */,
				52920A75248D49F500F3A297 /* Model.swift in Sources */,
				5277489B248C12E500115B85 /* Coordinator.swift in Sources */,
				5207086F248C2BE4008C9150 /* CurrentWeatherViewController.swift in Sources */,
				52774899248C12C200115B85 /* AppCoordinator.swift in Sources */,
				52920A91248DCE5100F3A297 /* SecurityViewController.swift in Sources */,
				52070872248C3A09008C9150 /* BaseViewController.swift in Sources */,
				52774884248C027600115B85 /* AppDelegate.swift in Sources */,
				5207086C248C2A49008C9150 /* Storyboarded.swift in Sources */,
			);
			runOnlyForDeploymentPostprocessing = 0;
		};
		52920A7E248D79DC00F3A297 /* Sources */ = {
			isa = PBXSourcesBuildPhase;
			buildActionMask = 2147483647;
			files = (
				52920A85248D79DC00F3A297 /* WeatherUITests.swift in Sources */,
			);
			runOnlyForDeploymentPostprocessing = 0;
		};
/* End PBXSourcesBuildPhase section */

/* Begin PBXTargetDependency section */
		52920A88248D79DD00F3A297 /* PBXTargetDependency */ = {
			isa = PBXTargetDependency;
			target = 5277487F248C027500115B85 /* Weather */;
			targetProxy = 52920A87248D79DD00F3A297 /* PBXContainerItemProxy */;
		};
/* End PBXTargetDependency section */

/* Begin PBXVariantGroup section */
		52774889248C027600115B85 /* Home.storyboard */ = {
			isa = PBXVariantGroup;
			children = (
				5277488A248C027600115B85 /* Base */,
			);
			name = Home.storyboard;
			sourceTree = "<group>";
		};
		5277488E248C027700115B85 /* LaunchScreen.storyboard */ = {
			isa = PBXVariantGroup;
			children = (
				5277488F248C027700115B85 /* Base */,
			);
			name = LaunchScreen.storyboard;
			sourceTree = "<group>";
		};
/* End PBXVariantGroup section */

/* Begin XCBuildConfiguration section */
		52774892248C027700115B85 /* Debug */ = {
			isa = XCBuildConfiguration;
			buildSettings = {
				ALWAYS_SEARCH_USER_PATHS = NO;
				CLANG_ANALYZER_NONNULL = YES;
				CLANG_ANALYZER_NUMBER_OBJECT_CONVERSION = YES_AGGRESSIVE;
				CLANG_CXX_LANGUAGE_STANDARD = "gnu++14";
				CLANG_CXX_LIBRARY = "libc++";
				CLANG_ENABLE_MODULES = YES;
				CLANG_ENABLE_OBJC_ARC = YES;
				CLANG_ENABLE_OBJC_WEAK = YES;
				CLANG_WARN_BLOCK_CAPTURE_AUTORELEASING = YES;
				CLANG_WARN_BOOL_CONVERSION = YES;
				CLANG_WARN_COMMA = YES;
				CLANG_WARN_CONSTANT_CONVERSION = YES;
				CLANG_WARN_DEPRECATED_OBJC_IMPLEMENTATIONS = YES;
				CLANG_WARN_DIRECT_OBJC_ISA_USAGE = YES_ERROR;
				CLANG_WARN_DOCUMENTATION_COMMENTS = YES;
				CLANG_WARN_EMPTY_BODY = YES;
				CLANG_WARN_ENUM_CONVERSION = YES;
				CLANG_WARN_INFINITE_RECURSION = YES;
				CLANG_WARN_INT_CONVERSION = YES;
				CLANG_WARN_NON_LITERAL_NULL_CONVERSION = YES;
				CLANG_WARN_OBJC_IMPLICIT_RETAIN_SELF = YES;
				CLANG_WARN_OBJC_LITERAL_CONVERSION = YES;
				CLANG_WARN_OBJC_ROOT_CLASS = YES_ERROR;
				CLANG_WARN_RANGE_LOOP_ANALYSIS = YES;
				CLANG_WARN_STRICT_PROTOTYPES = YES;
				CLANG_WARN_SUSPICIOUS_MOVE = YES;
				CLANG_WARN_UNGUARDED_AVAILABILITY = YES_AGGRESSIVE;
				CLANG_WARN_UNREACHABLE_CODE = YES;
				CLANG_WARN__DUPLICATE_METHOD_MATCH = YES;
				COPY_PHASE_STRIP = NO;
				DEBUG_INFORMATION_FORMAT = dwarf;
				ENABLE_STRICT_OBJC_MSGSEND = YES;
				ENABLE_TESTABILITY = YES;
				GCC_C_LANGUAGE_STANDARD = gnu11;
				GCC_DYNAMIC_NO_PIC = NO;
				GCC_NO_COMMON_BLOCKS = YES;
				GCC_OPTIMIZATION_LEVEL = 0;
				GCC_PREPROCESSOR_DEFINITIONS = (
					"DEBUG=1",
					"$(inherited)",
				);
				GCC_WARN_64_TO_32_BIT_CONVERSION = YES;
				GCC_WARN_ABOUT_RETURN_TYPE = YES_ERROR;
				GCC_WARN_UNDECLARED_SELECTOR = YES;
				GCC_WARN_UNINITIALIZED_AUTOS = YES_AGGRESSIVE;
				GCC_WARN_UNUSED_FUNCTION = YES;
				GCC_WARN_UNUSED_VARIABLE = YES;
				IPHONEOS_DEPLOYMENT_TARGET = 13.0;
				MTL_ENABLE_DEBUG_INFO = INCLUDE_SOURCE;
				MTL_FAST_MATH = YES;
				ONLY_ACTIVE_ARCH = YES;
				SDKROOT = iphoneos;
				SWIFT_ACTIVE_COMPILATION_CONDITIONS = DEBUG;
				SWIFT_OPTIMIZATION_LEVEL = "-Onone";
			};
			name = Debug;
		};
		52774893248C027700115B85 /* Release */ = {
			isa = XCBuildConfiguration;
			buildSettings = {
				ALWAYS_SEARCH_USER_PATHS = NO;
				CLANG_ANALYZER_NONNULL = YES;
				CLANG_ANALYZER_NUMBER_OBJECT_CONVERSION = YES_AGGRESSIVE;
				CLANG_CXX_LANGUAGE_STANDARD = "gnu++14";
				CLANG_CXX_LIBRARY = "libc++";
				CLANG_ENABLE_MODULES = YES;
				CLANG_ENABLE_OBJC_ARC = YES;
				CLANG_ENABLE_OBJC_WEAK = YES;
				CLANG_WARN_BLOCK_CAPTURE_AUTORELEASING = YES;
				CLANG_WARN_BOOL_CONVERSION = YES;
				CLANG_WARN_COMMA = YES;
				CLANG_WARN_CONSTANT_CONVERSION = YES;
				CLANG_WARN_DEPRECATED_OBJC_IMPLEMENTATIONS = YES;
				CLANG_WARN_DIRECT_OBJC_ISA_USAGE = YES_ERROR;
				CLANG_WARN_DOCUMENTATION_COMMENTS = YES;
				CLANG_WARN_EMPTY_BODY = YES;
				CLANG_WARN_ENUM_CONVERSION = YES;
				CLANG_WARN_INFINITE_RECURSION = YES;
				CLANG_WARN_INT_CONVERSION = YES;
				CLANG_WARN_NON_LITERAL_NULL_CONVERSION = YES;
				CLANG_WARN_OBJC_IMPLICIT_RETAIN_SELF = YES;
				CLANG_WARN_OBJC_LITERAL_CONVERSION = YES;
				CLANG_WARN_OBJC_ROOT_CLASS = YES_ERROR;
				CLANG_WARN_RANGE_LOOP_ANALYSIS = YES;
				CLANG_WARN_STRICT_PROTOTYPES = YES;
				CLANG_WARN_SUSPICIOUS_MOVE = YES;
				CLANG_WARN_UNGUARDED_AVAILABILITY = YES_AGGRESSIVE;
				CLANG_WARN_UNREACHABLE_CODE = YES;
				CLANG_WARN__DUPLICATE_METHOD_MATCH = YES;
				COPY_PHASE_STRIP = NO;
				DEBUG_INFORMATION_FORMAT = "dwarf-with-dsym";
				ENABLE_NS_ASSERTIONS = NO;
				ENABLE_STRICT_OBJC_MSGSEND = YES;
				GCC_C_LANGUAGE_STANDARD = gnu11;
				GCC_NO_COMMON_BLOCKS = YES;
				GCC_WARN_64_TO_32_BIT_CONVERSION = YES;
				GCC_WARN_ABOUT_RETURN_TYPE = YES_ERROR;
				GCC_WARN_UNDECLARED_SELECTOR = YES;
				GCC_WARN_UNINITIALIZED_AUTOS = YES_AGGRESSIVE;
				GCC_WARN_UNUSED_FUNCTION = YES;
				GCC_WARN_UNUSED_VARIABLE = YES;
				IPHONEOS_DEPLOYMENT_TARGET = 13.0;
				MTL_ENABLE_DEBUG_INFO = NO;
				MTL_FAST_MATH = YES;
				SDKROOT = iphoneos;
				SWIFT_COMPILATION_MODE = wholemodule;
				SWIFT_OPTIMIZATION_LEVEL = "-O";
				VALIDATE_PRODUCT = YES;
			};
			name = Release;
		};
		52774895248C027700115B85 /* Debug */ = {
			isa = XCBuildConfiguration;
			baseConfigurationReference = EC5465E60826FB3F08C4DEFD /* Pods-Weather.debug.xcconfig */;
			buildSettings = {
				ASSETCATALOG_COMPILER_APPICON_NAME = AppIcon;
				CODE_SIGN_STYLE = Automatic;
				DEVELOPMENT_TEAM = X9469P8892;
				FRAMEWORK_SEARCH_PATHS = (
					"$(inherited)",
					"$(PROJECT_DIR)",
				);
				INFOPLIST_FILE = Weather/Info.plist;
				LD_RUNPATH_SEARCH_PATHS = (
					"$(inherited)",
					"@executable_path/Frameworks",
				);
				PRODUCT_BUNDLE_IDENTIFIER = br.com.oliveira.Weather;
				PRODUCT_NAME = "$(TARGET_NAME)";
				SWIFT_VERSION = 5.0;
				TARGETED_DEVICE_FAMILY = 1;
			};
			name = Debug;
		};
		52774896248C027700115B85 /* Release */ = {
			isa = XCBuildConfiguration;
			baseConfigurationReference = E13A028D5B533A1734706F0F /* Pods-Weather.release.xcconfig */;
			buildSettings = {
				ASSETCATALOG_COMPILER_APPICON_NAME = AppIcon;
				CODE_SIGN_STYLE = Automatic;
				DEVELOPMENT_TEAM = X9469P8892;
				FRAMEWORK_SEARCH_PATHS = (
					"$(inherited)",
					"$(PROJECT_DIR)",
				);
				INFOPLIST_FILE = Weather/Info.plist;
				LD_RUNPATH_SEARCH_PATHS = (
					"$(inherited)",
					"@executable_path/Frameworks",
				);
				PRODUCT_BUNDLE_IDENTIFIER = br.com.oliveira.Weather;
				PRODUCT_NAME = "$(TARGET_NAME)";
				SWIFT_VERSION = 5.0;
				TARGETED_DEVICE_FAMILY = 1;
			};
			name = Release;
		};
		52920A8A248D79DD00F3A297 /* Debug */ = {
			isa = XCBuildConfiguration;
			baseConfigurationReference = 2A46A4CB0EA2327861475359 /* Pods-WeatherUITests.debug.xcconfig */;
			buildSettings = {
				CODE_SIGN_STYLE = Automatic;
				DEVELOPMENT_TEAM = X9469P8892;
				FRAMEWORK_SEARCH_PATHS = (
					"$(inherited)",
					"$(PROJECT_DIR)",
				);
				INFOPLIST_FILE = WeatherUITests/Info.plist;
				LD_RUNPATH_SEARCH_PATHS = (
					"$(inherited)",
					"@executable_path/Frameworks",
					"@loader_path/Frameworks",
				);
				PRODUCT_BUNDLE_IDENTIFIER = br.com.oliveira.WeatherUITests;
				PRODUCT_NAME = "$(TARGET_NAME)";
				SWIFT_VERSION = 5.0;
				TARGETED_DEVICE_FAMILY = "1,2";
				TEST_TARGET_NAME = Weather;
			};
			name = Debug;
		};
		52920A8B248D79DD00F3A297 /* Release */ = {
			isa = XCBuildConfiguration;
			baseConfigurationReference = E050B3F7207F493E75EBA62A /* Pods-WeatherUITests.release.xcconfig */;
			buildSettings = {
				CODE_SIGN_STYLE = Automatic;
				DEVELOPMENT_TEAM = X9469P8892;
				FRAMEWORK_SEARCH_PATHS = (
					"$(inherited)",
					"$(PROJECT_DIR)",
				);
				INFOPLIST_FILE = WeatherUITests/Info.plist;
				LD_RUNPATH_SEARCH_PATHS = (
					"$(inherited)",
					"@executable_path/Frameworks",
					"@loader_path/Frameworks",
				);
				PRODUCT_BUNDLE_IDENTIFIER = br.com.oliveira.WeatherUITests;
				PRODUCT_NAME = "$(TARGET_NAME)";
				SWIFT_VERSION = 5.0;
				TARGETED_DEVICE_FAMILY = "1,2";
				TEST_TARGET_NAME = Weather;
			};
			name = Release;
		};
/* End XCBuildConfiguration section */

/* Begin XCConfigurationList section */
		5277487B248C027500115B85 /* Build configuration list for PBXProject "Weather" */ = {
			isa = XCConfigurationList;
			buildConfigurations = (
				52774892248C027700115B85 /* Debug */,
				52774893248C027700115B85 /* Release */,
			);
			defaultConfigurationIsVisible = 0;
			defaultConfigurationName = Release;
		};
		52774894248C027700115B85 /* Build configuration list for PBXNativeTarget "Weather" */ = {
			isa = XCConfigurationList;
			buildConfigurations = (
				52774895248C027700115B85 /* Debug */,
				52774896248C027700115B85 /* Release */,
			);
			defaultConfigurationIsVisible = 0;
			defaultConfigurationName = Release;
		};
		52920A89248D79DD00F3A297 /* Build configuration list for PBXNativeTarget "WeatherUITests" */ = {
			isa = XCConfigurationList;
			buildConfigurations = (
				52920A8A248D79DD00F3A297 /* Debug */,
				52920A8B248D79DD00F3A297 /* Release */,
			);
			defaultConfigurationIsVisible = 0;
			defaultConfigurationName = Release;
		};
/* End XCConfigurationList section */
	};
	rootObject = 52774878248C027500115B85 /* Project object */;
}
